
Microsoft Visual Studio Solution File, Format Version 12.00
# Visual Studio 15
VisualStudioVersion = 15.0.28010.2016
MinimumVisualStudioVersion = 10.0.40219.1
Project("{FAE04EC0-301F-11D3-BF4B-00C04F79EFBC}") = "WpfBookingClient", "WpfBookingClient\WpfBookingClient.csproj", "{717F19BA-07B0-4B11-9E55-C026D2B98C34}"
EndProject
Global
	GlobalSection(SolutionConfigurationPlatforms) = preSolution
		Debug|Any CPU = Debug|Any CPU
		Release|Any CPU = Release|Any CPU
	EndGlobalSection
	GlobalSection(ProjectConfigurationPlatforms) = postSolution
		{717F19BA-07B0-4B11-9E55-C026D2B98C34}.Debug|Any CPU.ActiveCfg = Debug|Any CPU
		{717F19BA-07B0-4B11-9E55-C026D2B98C34}.Debug|Any CPU.Build.0 = Debug|Any CPU
		{717F19BA-07B0-4B11-9E55-C026D2B98C34}.Release|Any CPU.ActiveCfg = Release|Any CPU
		{717F19BA-07B0-4B11-9E55-C026D2B98C34}.Release|Any CPU.Build.0 = Release|Any CPU
	EndGlobalSection
	GlobalSection(SolutionProperties) = preSolution
		HideSolutionNode = FALSE
	EndGlobalSection
	GlobalSection(ExtensibilityGlobals) = postSolution
		SolutionGuid = {28C08E84-5D02-4C42-9F9F-41510EEFC552}
	EndGlobalSection
EndGlobal
